// !$*UTF8*$!
{
	archiveVersion = 1;
	classes = {
	};
	objectVersion = 50;
	objects = {

/* Begin PBXBuildFile section */
		2E6BC1F220A9655200274307 /* ViewController.m in Sources */ = {isa = PBXBuildFile; fileRef = 2E6BC1F020A9655200274307 /* ViewController.m */; };
		2E6BC1F620A9655A00274307 /* AppDelegate.m in Sources */ = {isa = PBXBuildFile; fileRef = 2E6BC1F520A9655A00274307 /* AppDelegate.m */; };
		2E6BC20020A9667500274307 /* Tool.m in Sources */ = {isa = PBXBuildFile; fileRef = 2E6BC1FC20A9667400274307 /* Tool.m */; };
		2E6BC20120A9667500274307 /* UIView+Frame.m in Sources */ = {isa = PBXBuildFile; fileRef = 2E6BC1FF20A9667500274307 /* UIView+Frame.m */; };
		2E6BC20420A9669A00274307 /* CESHttpTool.m in Sources */ = {isa = PBXBuildFile; fileRef = 2E6BC20220A9669A00274307 /* CESHttpTool.m */; };
		2EAAD2EC20A95D960057189C /* Main.storyboard in Resources */ = {isa = PBXBuildFile; fileRef = 2EAAD2EA20A95D960057189C /* Main.storyboard */; };
		2EAAD2EE20A95D9B0057189C /* Assets.xcassets in Resources */ = {isa = PBXBuildFile; fileRef = 2EAAD2ED20A95D9B0057189C /* Assets.xcassets */; };
		2EAAD2F120A95D9B0057189C /* LaunchScreen.storyboard in Resources */ = {isa = PBXBuildFile; fileRef = 2EAAD2EF20A95D9B0057189C /* LaunchScreen.storyboard */; };
		2EAAD2F420A95D9C0057189C /* main.m in Sources */ = {isa = PBXBuildFile; fileRef = 2EAAD2F320A95D9C0057189C /* main.m */; };
		2ED15A7E20A96A0F005535B5 /* MvvmViewController.m in Sources */ = {isa = PBXBuildFile; fileRef = 2ED15A7D20A96A0F005535B5 /* MvvmViewController.m */; };
		D77430D8FC658AF27148CCCC /* libPods-MVVM.a in Frameworks */ = {isa = PBXBuildFile; fileRef = F576905FA90261D12CD7B87B /* libPods-MVVM.a */; };
/* End PBXBuildFile section */

/* Begin PBXFileReference section */
		2E6BC1F020A9655200274307 /* ViewController.m */ = {isa = PBXFileReference; fileEncoding = 4; lastKnownFileType = sourcecode.c.objc; path = ViewController.m; sourceTree = "<group>"; };
		2E6BC1F120A9655200274307 /* ViewController.h */ = {isa = PBXFileReference; fileEncoding = 4; lastKnownFileType = sourcecode.c.h; path = ViewController.h; sourceTree = "<group>"; };
		2E6BC1F420A9655A00274307 /* AppDelegate.h */ = {isa = PBXFileReference; fileEncoding = 4; lastKnownFileType = sourcecode.c.h; path = AppDelegate.h; sourceTree = "<group>"; };
		2E6BC1F520A9655A00274307 /* AppDelegate.m */ = {isa = PBXFileReference; fileEncoding = 4; lastKnownFileType = sourcecode.c.objc; path = AppDelegate.m; sourceTree = "<group>"; };
		2E6BC1FA20A965ED00274307 /* PrefixHeader.pch */ = {isa = PBXFileReference; lastKnownFileType = sourcecode.c.h; path = PrefixHeader.pch; sourceTree = "<group>"; };
		2E6BC1FB20A9667400274307 /* AppStyle.h */ = {isa = PBXFileReference; fileEncoding = 4; lastKnownFileType = sourcecode.c.h; path = AppStyle.h; sourceTree = "<group>"; };
		2E6BC1FC20A9667400274307 /* Tool.m */ = {isa = PBXFileReference; fileEncoding = 4; lastKnownFileType = sourcecode.c.objc; path = Tool.m; sourceTree = "<group>"; };
		2E6BC1FD20A9667400274307 /* UIView+Frame.h */ = {isa = PBXFileReference; fileEncoding = 4; lastKnownFileType = sourcecode.c.h; path = "UIView+Frame.h"; sourceTree = "<group>"; };
		2E6BC1FE20A9667500274307 /* Tool.h */ = {isa = PBXFileReference; fileEncoding = 4; lastKnownFileType = sourcecode.c.h; path = Tool.h; sourceTree = "<group>"; };
		2E6BC1FF20A9667500274307 /* UIView+Frame.m */ = {isa = PBXFileReference; fileEncoding = 4; lastKnownFileType = sourcecode.c.objc; path = "UIView+Frame.m"; sourceTree = "<group>"; };
		2E6BC20220A9669A00274307 /* CESHttpTool.m */ = {isa = PBXFileReference; fileEncoding = 4; lastKnownFileType = sourcecode.c.objc; path = CESHttpTool.m; sourceTree = "<group>"; };
		2E6BC20320A9669A00274307 /* CESHttpTool.h */ = {isa = PBXFileReference; fileEncoding = 4; lastKnownFileType = sourcecode.c.h; path = CESHttpTool.h; sourceTree = "<group>"; };
		2EAAD2E120A95D960057189C /* MVVM.app */ = {isa = PBXFileReference; explicitFileType = wrapper.application; includeInIndex = 0; path = MVVM.app; sourceTree = BUILT_PRODUCTS_DIR; };
		2EAAD2EB20A95D960057189C /* Base */ = {isa = PBXFileReference; lastKnownFileType = file.storyboard; name = Base; path = Base.lproj/Main.storyboard; sourceTree = "<group>"; };
		2EAAD2ED20A95D9B0057189C /* Assets.xcassets */ = {isa = PBXFileReference; lastKnownFileType = folder.assetcatalog; path = Assets.xcassets; sourceTree = "<group>"; };
		2EAAD2F020A95D9B0057189C /* Base */ = {isa = PBXFileReference; lastKnownFileType = file.storyboard; name = Base; path = Base.lproj/LaunchScreen.storyboard; sourceTree = "<group>"; };
		2EAAD2F220A95D9C0057189C /* Info.plist */ = {isa = PBXFileReference; lastKnownFileType = text.plist.xml; path = Info.plist; sourceTree = "<group>"; };
		2EAAD2F320A95D9C0057189C /* main.m */ = {isa = PBXFileReference; lastKnownFileType = sourcecode.c.objc; path = main.m; sourceTree = "<group>"; };
		2ED15A7C20A96A0F005535B5 /* MvvmViewController.h */ = {isa = PBXFileReference; lastKnownFileType = sourcecode.c.h; path = MvvmViewController.h; sourceTree = "<group>"; };
		2ED15A7D20A96A0F005535B5 /* MvvmViewController.m */ = {isa = PBXFileReference; lastKnownFileType = sourcecode.c.objc; path = MvvmViewController.m; sourceTree = "<group>"; };
		441A66510304FAC246E23F40 /* Pods-MVVM.debug.xcconfig */ = {isa = PBXFileReference; includeInIndex = 1; lastKnownFileType = text.xcconfig; name = "Pods-MVVM.debug.xcconfig"; path = "Pods/Target Support Files/Pods-MVVM/Pods-MVVM.debug.xcconfig"; sourceTree = "<group>"; };
		59B42740B4ACFEEA23B23B6F /* Pods-MVVM.release.xcconfig */ = {isa = PBXFileReference; includeInIndex = 1; lastKnownFileType = text.xcconfig; name = "Pods-MVVM.release.xcconfig"; path = "Pods/Target Support Files/Pods-MVVM/Pods-MVVM.release.xcconfig"; sourceTree = "<group>"; };
		F576905FA90261D12CD7B87B /* libPods-MVVM.a */ = {isa = PBXFileReference; explicitFileType = archive.ar; includeInIndex = 0; path = "libPods-MVVM.a"; sourceTree = BUILT_PRODUCTS_DIR; };
/* End PBXFileReference section */

/* Begin PBXFrameworksBuildPhase section */
		2EAAD2DE20A95D960057189C /* Frameworks */ = {
			isa = PBXFrameworksBuildPhase;
			buildActionMask = 2147483647;
			files = (
				D77430D8FC658AF27148CCCC /* libPods-MVVM.a in Frameworks */,
			);
			runOnlyForDeploymentPostprocessing = 0;
		};
/* End PBXFrameworksBuildPhase section */

/* Begin PBXGroup section */
		2E6BC1EC20A9655200274307 /* Moudle */ = {
			isa = PBXGroup;
			children = (
				2E6BC1EF20A9655200274307 /* ViewController */,
				2E6BC1ED20A9655200274307 /* Model */,
				2E6BC1EE20A9655200274307 /* View */,
			);
			path = Moudle;
			sourceTree = "<group>";
		};
		2E6BC1ED20A9655200274307 /* Model */ = {
			isa = PBXGroup;
			children = (
			);
			path = Model;
			sourceTree = "<group>";
		};
		2E6BC1EE20A9655200274307 /* View */ = {
			isa = PBXGroup;
			children = (
			);
			path = View;
			sourceTree = "<group>";
		};
		2E6BC1EF20A9655200274307 /* ViewController */ = {
			isa = PBXGroup;
			children = (
				2E6BC1F120A9655200274307 /* ViewController.h */,
				2E6BC1F020A9655200274307 /* ViewController.m */,
				2ED15A7C20A96A0F005535B5 /* MvvmViewController.h */,
				2ED15A7D20A96A0F005535B5 /* MvvmViewController.m */,
			);
			path = ViewController;
			sourceTree = "<group>";
		};
		2E6BC1F320A9655A00274307 /* AppDelegate */ = {
			isa = PBXGroup;
			children = (
				2E6BC1F420A9655A00274307 /* AppDelegate.h */,
				2E6BC1F520A9655A00274307 /* AppDelegate.m */,
			);
			path = AppDelegate;
			sourceTree = "<group>";
		};
		2E6BC1F720A9656400274307 /* Other */ = {
			isa = PBXGroup;
			children = (
				2E6BC1FB20A9667400274307 /* AppStyle.h */,
				2E6BC1FE20A9667500274307 /* Tool.h */,
				2E6BC1FC20A9667400274307 /* Tool.m */,
				2E6BC1FD20A9667400274307 /* UIView+Frame.h */,
				2E6BC1FF20A9667500274307 /* UIView+Frame.m */,
			);
			path = Other;
			sourceTree = "<group>";
		};
		2E6BC1F820A9656400274307 /* Http */ = {
			isa = PBXGroup;
			children = (
				2E6BC20320A9669A00274307 /* CESHttpTool.h */,
				2E6BC20220A9669A00274307 /* CESHttpTool.m */,
			);
			path = Http;
			sourceTree = "<group>";
		};
		2E6BC1F920A9656400274307 /* PCH */ = {
			isa = PBXGroup;
			children = (
				2E6BC1FA20A965ED00274307 /* PrefixHeader.pch */,
			);
			path = PCH;
			sourceTree = "<group>";
		};
		2EAAD2D820A95D960057189C = {
			isa = PBXGroup;
			children = (
				2EAAD2E320A95D960057189C /* MVVM */,
				2EAAD2E220A95D960057189C /* Products */,
				8C6B9651AAFBCFFC9016D27D /* Pods */,
				C4D11341A051585D96EE3DBC /* Frameworks */,
			);
			sourceTree = "<group>";
		};
		2EAAD2E220A95D960057189C /* Products */ = {
			isa = PBXGroup;
			children = (
				2EAAD2E120A95D960057189C /* MVVM.app */,
			);
			name = Products;
			sourceTree = "<group>";
		};
		2EAAD2E320A95D960057189C /* MVVM */ = {
			isa = PBXGroup;
			children = (
				2E6BC1F920A9656400274307 /* PCH */,
				2E6BC1F820A9656400274307 /* Http */,
				2E6BC1F320A9655A00274307 /* AppDelegate */,
				2E6BC1EC20A9655200274307 /* Moudle */,
				2E6BC1F720A9656400274307 /* Other */,
				2EAAD2EA20A95D960057189C /* Main.storyboard */,
				2EAAD2ED20A95D9B0057189C /* Assets.xcassets */,
				2EAAD2EF20A95D9B0057189C /* LaunchScreen.storyboard */,
				2EAAD2F220A95D9C0057189C /* Info.plist */,
				2EAAD2F320A95D9C0057189C /* main.m */,
			);
			path = MVVM;
			sourceTree = "<group>";
		};
		8C6B9651AAFBCFFC9016D27D /* Pods */ = {
			isa = PBXGroup;
			children = (
				441A66510304FAC246E23F40 /* Pods-MVVM.debug.xcconfig */,
				59B42740B4ACFEEA23B23B6F /* Pods-MVVM.release.xcconfig */,
			);
			name = Pods;
			sourceTree = "<group>";
		};
		C4D11341A051585D96EE3DBC /* Frameworks */ = {
			isa = PBXGroup;
			children = (
				F576905FA90261D12CD7B87B /* libPods-MVVM.a */,
			);
			name = Frameworks;
			sourceTree = "<group>";
		};
/* End PBXGroup section */

/* Begin PBXNativeTarget section */
		2EAAD2E020A95D960057189C /* MVVM */ = {
			isa = PBXNativeTarget;
			buildConfigurationList = 2EAAD30D20A95D9C0057189C /* Build configuration list for PBXNativeTarget "MVVM" */;
			buildPhases = (
				7B7F2394B8AD486AA889FE8A /* [CP] Check Pods Manifest.lock */,
				2EAAD2DD20A95D960057189C /* Sources */,
				2EAAD2DE20A95D960057189C /* Frameworks */,
				2EAAD2DF20A95D960057189C /* Resources */,
				098664F944C0A1305DDE2263 /* [CP] Copy Pods Resources */,
			);
			buildRules = (
			);
			dependencies = (
			);
			name = MVVM;
			productName = MVVM;
			productReference = 2EAAD2E120A95D960057189C /* MVVM.app */;
			productType = "com.apple.product-type.application";
		};
/* End PBXNativeTarget section */

/* Begin PBXProject section */
		2EAAD2D920A95D960057189C /* Project object */ = {
			isa = PBXProject;
			attributes = {
				LastUpgradeCheck = 0930;
				ORGANIZATIONNAME = lujh;
				TargetAttributes = {
					2EAAD2E020A95D960057189C = {
						CreatedOnToolsVersion = 9.3;
					};
				};
			};
			buildConfigurationList = 2EAAD2DC20A95D960057189C /* Build configuration list for PBXProject "MVVM" */;
			compatibilityVersion = "Xcode 9.3";
			developmentRegion = en;
			hasScannedForEncodings = 0;
			knownRegions = (
				en,
				Base,
			);
			mainGroup = 2EAAD2D820A95D960057189C;
			productRefGroup = 2EAAD2E220A95D960057189C /* Products */;
			projectDirPath = "";
			projectRoot = "";
			targets = (
				2EAAD2E020A95D960057189C /* MVVM */,
			);
		};
/* End PBXProject section */

/* Begin PBXResourcesBuildPhase section */
		2EAAD2DF20A95D960057189C /* Resources */ = {
			isa = PBXResourcesBuildPhase;
			buildActionMask = 2147483647;
			files = (
				2EAAD2F120A95D9B0057189C /* LaunchScreen.storyboard in Resources */,
				2EAAD2EE20A95D9B0057189C /* Assets.xcassets in Resources */,
				2EAAD2EC20A95D960057189C /* Main.storyboard in Resources */,
			);
			runOnlyForDeploymentPostprocessing = 0;
		};
/* End PBXResourcesBuildPhase section */

/* Begin PBXShellScriptBuildPhase section */
		098664F944C0A1305DDE2263 /* [CP] Copy Pods Resources */ = {
			isa = PBXShellScriptBuildPhase;
			buildActionMask = 2147483647;
			files = (
			);
			inputPaths = (
				"${SRCROOT}/Pods/Target Support Files/Pods-MVVM/Pods-MVVM-resources.sh",
				"${PODS_ROOT}/MJRefresh/MJRefresh/MJRefresh.bundle",
			);
			name = "[CP] Copy Pods Resources";
			outputPaths = (
				"${TARGET_BUILD_DIR}/${UNLOCALIZED_RESOURCES_FOLDER_PATH}/MJRefresh.bundle",
			);
			runOnlyForDeploymentPostprocessing = 0;
			shellPath = /bin/sh;
			shellScript = "\"${SRCROOT}/Pods/Target Support Files/Pods-MVVM/Pods-MVVM-resources.sh\"\n";
			showEnvVarsInLog = 0;
		};
		7B7F2394B8AD486AA889FE8A /* [CP] Check Pods Manifest.lock */ = {
			isa = PBXShellScriptBuildPhase;
			buildActionMask = 2147483647;
			files = (
			);
			inputPaths = (
				"${PODS_PODFILE_DIR_PATH}/Podfile.lock",
				"${PODS_ROOT}/Manifest.lock",
			);
			name = "[CP] Check Pods Manifest.lock";
			outputPaths = (
				"$(DERIVED_FILE_DIR)/Pods-MVVM-checkManifestLockResult.txt",
			);
			runOnlyForDeploymentPostprocessing = 0;
			shellPath = /bin/sh;
			shellScript = "diff \"${PODS_PODFILE_DIR_PATH}/Podfile.lock\" \"${PODS_ROOT}/Manifest.lock\" > /dev/null\nif [ $? != 0 ] ; then\n    # print error to STDERR\n    echo \"error: The sandbox is not in sync with the Podfile.lock. Run 'pod install' or update your CocoaPods installation.\" >&2\n    exit 1\nfi\n# This output is used by Xcode 'outputs' to avoid re-running this script phase.\necho \"SUCCESS\" > \"${SCRIPT_OUTPUT_FILE_0}\"\n";
			showEnvVarsInLog = 0;
		};
/* End PBXShellScriptBuildPhase section */

/* Begin PBXSourcesBuildPhase section */
		2EAAD2DD20A95D960057189C /* Sources */ = {
			isa = PBXSourcesBuildPhase;
			buildActionMask = 2147483647;
			files = (
				2ED15A7E20A96A0F005535B5 /* MvvmViewController.m in Sources */,
				2EAAD2F420A95D9C0057189C /* main.m in Sources */,
				2E6BC1F220A9655200274307 /* ViewController.m in Sources */,
				2E6BC1F620A9655A00274307 /* AppDelegate.m in Sources */,
				2E6BC20420A9669A00274307 /* CESHttpTool.m in Sources */,
				2E6BC20120A9667500274307 /* UIView+Frame.m in Sources */,
				2E6BC20020A9667500274307 /* Tool.m in Sources */,
			);
			runOnlyForDeploymentPostprocessing = 0;
		};
/* End PBXSourcesBuildPhase section */

/* Begin PBXVariantGroup section */
		2EAAD2EA20A95D960057189C /* Main.storyboard */ = {
			isa = PBXVariantGroup;
			children = (
				2EAAD2EB20A95D960057189C /* Base */,
			);
			name = Main.storyboard;
			sourceTree = "<group>";
		};
		2EAAD2EF20A95D9B0057189C /* LaunchScreen.storyboard */ = {
			isa = PBXVariantGroup;
			children = (
				2EAAD2F020A95D9B0057189C /* Base */,
			);
			name = LaunchScreen.storyboard;
			sourceTree = "<group>";
		};
/* End PBXVariantGroup section */

/* Begin XCBuildConfiguration section */
		2EAAD30B20A95D9C0057189C /* Debug */ = {
			isa = XCBuildConfiguration;
			buildSettings = {
				ALWAYS_SEARCH_USER_PATHS = NO;
				CLANG_ANALYZER_NONNULL = YES;
				CLANG_ANALYZER_NUMBER_OBJECT_CONVERSION = YES_AGGRESSIVE;
				CLANG_CXX_LANGUAGE_STANDARD = "gnu++14";
				CLANG_CXX_LIBRARY = "libc++";
				CLANG_ENABLE_MODULES = YES;
				CLANG_ENABLE_OBJC_ARC = YES;
				CLANG_ENABLE_OBJC_WEAK = YES;
				CLANG_WARN_BLOCK_CAPTURE_AUTORELEASING = YES;
				CLANG_WARN_BOOL_CONVERSION = YES;
				CLANG_WARN_COMMA = YES;
				CLANG_WARN_CONSTANT_CONVERSION = YES;
				CLANG_WARN_DEPRECATED_OBJC_IMPLEMENTATIONS = YES;
				CLANG_WARN_DIRECT_OBJC_ISA_USAGE = YES_ERROR;
				CLANG_WARN_DOCUMENTATION_COMMENTS = YES;
				CLANG_WARN_EMPTY_BODY = YES;
				CLANG_WARN_ENUM_CONVERSION = YES;
				CLANG_WARN_INFINITE_RECURSION = YES;
				CLANG_WARN_INT_CONVERSION = YES;
				CLANG_WARN_NON_LITERAL_NULL_CONVERSION = YES;
				CLANG_WARN_OBJC_IMPLICIT_RETAIN_SELF = YES;
				CLANG_WARN_OBJC_LITERAL_CONVERSION = YES;
				CLANG_WARN_OBJC_ROOT_CLASS = YES_ERROR;
				CLANG_WARN_RANGE_LOOP_ANALYSIS = YES;
				CLANG_WARN_STRICT_PROTOTYPES = YES;
				CLANG_WARN_SUSPICIOUS_MOVE = YES;
				CLANG_WARN_UNGUARDED_AVAILABILITY = YES_AGGRESSIVE;
				CLANG_WARN_UNREACHABLE_CODE = YES;
				CLANG_WARN__DUPLICATE_METHOD_MATCH = YES;
				CODE_SIGN_IDENTITY = "iPhone Developer";
				COPY_PHASE_STRIP = NO;
				DEBUG_INFORMATION_FORMAT = dwarf;
				ENABLE_STRICT_OBJC_MSGSEND = YES;
				ENABLE_TESTABILITY = YES;
				GCC_C_LANGUAGE_STANDARD = gnu11;
				GCC_DYNAMIC_NO_PIC = NO;
				GCC_NO_COMMON_BLOCKS = YES;
				GCC_OPTIMIZATION_LEVEL = 0;
				GCC_PREPROCESSOR_DEFINITIONS = (
					"DEBUG=1",
					"$(inherited)",
				);
				GCC_WARN_64_TO_32_BIT_CONVERSION = YES;
				GCC_WARN_ABOUT_RETURN_TYPE = YES_ERROR;
				GCC_WARN_UNDECLARED_SELECTOR = YES;
				GCC_WARN_UNINITIALIZED_AUTOS = YES_AGGRESSIVE;
				GCC_WARN_UNUSED_FUNCTION = YES;
				GCC_WARN_UNUSED_VARIABLE = YES;
				IPHONEOS_DEPLOYMENT_TARGET = 11.3;
				MTL_ENABLE_DEBUG_INFO = YES;
				ONLY_ACTIVE_ARCH = YES;
				SDKROOT = iphoneos;
			};
			name = Debug;
		};
		2EAAD30C20A95D9C0057189C /* Release */ = {
			isa = XCBuildConfiguration;
			buildSettings = {
				ALWAYS_SEARCH_USER_PATHS = NO;
				CLANG_ANALYZER_NONNULL = YES;
				CLANG_ANALYZER_NUMBER_OBJECT_CONVERSION = YES_AGGRESSIVE;
				CLANG_CXX_LANGUAGE_STANDARD = "gnu++14";
				CLANG_CXX_LIBRARY = "libc++";
				CLANG_ENABLE_MODULES = YES;
				CLANG_ENABLE_OBJC_ARC = YES;
				CLANG_ENABLE_OBJC_WEAK = YES;
				CLANG_WARN_BLOCK_CAPTURE_AUTORELEASING = YES;
				CLANG_WARN_BOOL_CONVERSION = YES;
				CLANG_WARN_COMMA = YES;
				CLANG_WARN_CONSTANT_CONVERSION = YES;
				CLANG_WARN_DEPRECATED_OBJC_IMPLEMENTATIONS = YES;
				CLANG_WARN_DIRECT_OBJC_ISA_USAGE = YES_ERROR;
				CLANG_WARN_DOCUMENTATION_COMMENTS = YES;
				CLANG_WARN_EMPTY_BODY = YES;
				CLANG_WARN_ENUM_CONVERSION = YES;
				CLANG_WARN_INFINITE_RECURSION = YES;
				CLANG_WARN_INT_CONVERSION = YES;
				CLANG_WARN_NON_LITERAL_NULL_CONVERSION = YES;
				CLANG_WARN_OBJC_IMPLICIT_RETAIN_SELF = YES;
				CLANG_WARN_OBJC_LITERAL_CONVERSION = YES;
				CLANG_WARN_OBJC_ROOT_CLASS = YES_ERROR;
				CLANG_WARN_RANGE_LOOP_ANALYSIS = YES;
				CLANG_WARN_STRICT_PROTOTYPES = YES;
				CLANG_WARN_SUSPICIOUS_MOVE = YES;
				CLANG_WARN_UNGUARDED_AVAILABILITY = YES_AGGRESSIVE;
				CLANG_WARN_UNREACHABLE_CODE = YES;
				CLANG_WARN__DUPLICATE_METHOD_MATCH = YES;
				CODE_SIGN_IDENTITY = "iPhone Developer";
				COPY_PHASE_STRIP = NO;
				DEBUG_INFORMATION_FORMAT = "dwarf-with-dsym";
				ENABLE_NS_ASSERTIONS = NO;
				ENABLE_STRICT_OBJC_MSGSEND = YES;
				GCC_C_LANGUAGE_STANDARD = gnu11;
				GCC_NO_COMMON_BLOCKS = YES;
				GCC_WARN_64_TO_32_BIT_CONVERSION = YES;
				GCC_WARN_ABOUT_RETURN_TYPE = YES_ERROR;
				GCC_WARN_UNDECLARED_SELECTOR = YES;
				GCC_WARN_UNINITIALIZED_AUTOS = YES_AGGRESSIVE;
				GCC_WARN_UNUSED_FUNCTION = YES;
				GCC_WARN_UNUSED_VARIABLE = YES;
				IPHONEOS_DEPLOYMENT_TARGET = 11.3;
				MTL_ENABLE_DEBUG_INFO = NO;
				SDKROOT = iphoneos;
				VALIDATE_PRODUCT = YES;
			};
			name = Release;
		};
		2EAAD30E20A95D9C0057189C /* Debug */ = {
			isa = XCBuildConfiguration;
			baseConfigurationReference = 441A66510304FAC246E23F40 /* Pods-MVVM.debug.xcconfig */;
			buildSettings = {
				ASSETCATALOG_COMPILER_APPICON_NAME = AppIcon;
				CODE_SIGN_STYLE = Automatic;
				DEVELOPMENT_TEAM = 9M422A22FH;
				GCC_PRECOMPILE_PREFIX_HEADER = YES;
				GCC_PREFIX_HEADER = "$(PROJECT_DIR)/MVVM/PCH/PrefixHeader.pch";
				INFOPLIST_FILE = MVVM/Info.plist;
				LD_RUNPATH_SEARCH_PATHS = (
					"$(inherited)",
					"@executable_path/Frameworks",
				);
				PRODUCT_BUNDLE_IDENTIFIER = com.lujh.MVVM;
				PRODUCT_NAME = "$(TARGET_NAME)";
				TARGETED_DEVICE_FAMILY = "1,2";
			};
			name = Debug;
		};
		2EAAD30F20A95D9C0057189C /* Release */ = {
			isa = XCBuildConfiguration;
			baseConfigurationReference = 59B42740B4ACFEEA23B23B6F /* Pods-MVVM.release.xcconfig */;
			buildSettings = {
				ASSETCATALOG_COMPILER_APPICON_NAME = AppIcon;
				CODE_SIGN_STYLE = Automatic;
				DEVELOPMENT_TEAM = 9M422A22FH;
				GCC_PRECOMPILE_PREFIX_HEADER = YES;
				GCC_PREFIX_HEADER = "$(PROJECT_DIR)/MVVM/PCH/PrefixHeader.pch";
				INFOPLIST_FILE = MVVM/Info.plist;
				LD_RUNPATH_SEARCH_PATHS = (
					"$(inherited)",
					"@executable_path/Frameworks",
				);
				PRODUCT_BUNDLE_IDENTIFIER = com.lujh.MVVM;
				PRODUCT_NAME = "$(TARGET_NAME)";
				TARGETED_DEVICE_FAMILY = "1,2";
			};
			name = Release;
		};
/* End XCBuildConfiguration section */

/* Begin XCConfigurationList section */
		2EAAD2DC20A95D960057189C /* Build configuration list for PBXProject "MVVM" */ = {
			isa = XCConfigurationList;
			buildConfigurations = (
				2EAAD30B20A95D9C0057189C /* Debug */,
				2EAAD30C20A95D9C0057189C /* Release */,
			);
			defaultConfigurationIsVisible = 0;
			defaultConfigurationName = Release;
		};
		2EAAD30D20A95D9C0057189C /* Build configuration list for PBXNativeTarget "MVVM" */ = {
			isa = XCConfigurationList;
			buildConfigurations = (
				2EAAD30E20A95D9C0057189C /* Debug */,
				2EAAD30F20A95D9C0057189C /* Release */,
			);
			defaultConfigurationIsVisible = 0;
			defaultConfigurationName = Release;
		};
/* End XCConfigurationList section */
	};
	rootObject = 2EAAD2D920A95D960057189C /* Project object */;
}
